
Microsoft Visual Studio Solution File, Format Version 12.00
# Visual Studio Version 16
VisualStudioVersion = 16.0.33529.622
MinimumVisualStudioVersion = 10.0.40219.1
Project("{FAE04EC0-301F-11D3-BF4B-00C04F79EFBC}") = "OrganizationProfile", "OrganizationProfile\OrganizationProfile.csproj", "{2D3AE16E-48AB-4542-A3B9-69AB3556F6FD}"
EndProject
Global
	GlobalSection(SolutionConfigurationPlatforms) = preSolution
		Debug|Any CPU = Debug|Any CPU
		Release|Any CPU = Release|Any CPU
	EndGlobalSection
	GlobalSection(ProjectConfigurationPlatforms) = postSolution
		{2D3AE16E-48AB-4542-A3B9-69AB3556F6FD}.Debug|Any CPU.ActiveCfg = Debug|Any CPU
		{2D3AE16E-48AB-4542-A3B9-69AB3556F6FD}.Debug|Any CPU.Build.0 = Debug|Any CPU
		{2D3AE16E-48AB-4542-A3B9-69AB3556F6FD}.Release|Any CPU.ActiveCfg = Release|Any CPU
		{2D3AE16E-48AB-4542-A3B9-69AB3556F6FD}.Release|Any CPU.Build.0 = Release|Any CPU
	EndGlobalSection
	GlobalSection(SolutionProperties) = preSolution
		HideSolutionNode = FALSE
	EndGlobalSection
	GlobalSection(ExtensibilityGlobals) = postSolution
		SolutionGuid = {BD662D36-6BD4-4AEE-8A3A-207E168908D0}
	EndGlobalSection
EndGlobal
